{"projectHash":"05325e3cc89f029c2c9b79527a521682371d416b","productModuleName":"UnitTestSwiftCourseTests","mockedTypeNames":["\/Users\/cpenab\/Library\/Mobile Documents\/com~apple~CloudDocs\/GitHub\/UnitTestSwiftCourse\/UnitTestSwiftCourseTests\/Mock\/AddTests.swift",["Print","ValidNumber"],"\/Users\/cpenab\/Library\/Mobile Documents\/com~apple~CloudDocs\/GitHub\/UnitTestSwiftCourse\/UnitTestSwiftCourseTests\/xctest\/StringManagerTests.swift",[],"\/Users\/cpenab\/Library\/Mobile Documents\/com~apple~CloudDocs\/GitHub\/UnitTestSwiftCourse\/UnitTestSwiftCourseTests\/Mock\/ValidNumberTests.swift",[],"\/Users\/cpenab\/Library\/Mobile Documents\/com~apple~CloudDocs\/GitHub\/UnitTestSwiftCourse\/UnitTestSwiftCourseTests\/xctest\/CalculatorTests.swift",[],"\/Users\/cpenab\/Library\/Mobile Documents\/com~apple~CloudDocs\/GitHub\/UnitTestSwiftCourse\/UnitTestSwiftCourseTests\/UnitTestSwiftCourseTests.swift",[]],"cliVersion":"0.20.0","sourceFilePaths":[{"path":"\/Users\/cpenab\/Library\/Mobile Documents\/com~apple~CloudDocs\/GitHub\/UnitTestSwiftCourse\/MockingbirdMocks\/UnitTestSwiftCourseTests-UnitTestSwiftCourseMocks.generated.swift","hash":"c96fdf6376e1a923dbcfbed3a1d83b4d20292f4a"},{"path":"\/Users\/cpenab\/Library\/Mobile Documents\/com~apple~CloudDocs\/GitHub\/UnitTestSwiftCourse\/UnitTestSwiftCourseTests\/Mock\/AddTests.swift","hash":"fb694e7da6072e4f7f541828ef30478d97a965af"},{"path":"\/Users\/cpenab\/Library\/Mobile Documents\/com~apple~CloudDocs\/GitHub\/UnitTestSwiftCourse\/UnitTestSwiftCourseTests\/Mock\/ValidNumberTests.swift","hash":"7c7bcefb3dc18503c810cc4cee4c4f83679d24cc"},{"path":"\/Users\/cpenab\/Library\/Mobile Documents\/com~apple~CloudDocs\/GitHub\/UnitTestSwiftCourse\/UnitTestSwiftCourseTests\/UnitTestSwiftCourseTests.swift","hash":"35ad0c33fe9ca976aeb7a96d28f185d68f9291cc"},{"path":"\/Users\/cpenab\/Library\/Mobile Documents\/com~apple~CloudDocs\/GitHub\/UnitTestSwiftCourse\/UnitTestSwiftCourseTests\/xctest\/CalculatorTests.swift","hash":"ec2064932db7d0512631396bb464b48ad622e6bb"},{"path":"\/Users\/cpenab\/Library\/Mobile Documents\/com~apple~CloudDocs\/GitHub\/UnitTestSwiftCourse\/UnitTestSwiftCourseTests\/xctest\/StringManagerTests.swift","hash":"25db2470c227df1dea677b7b35a04a6f294aedf5"}],"sourceRoot":"\/Users\/cpenab\/Library\/Mobile Documents\/com~apple~CloudDocs\/GitHub\/UnitTestSwiftCourse","dependencies":[],"name":"UnitTestSwiftCourseTests"}