{"cliVersion":"0.20.0","productModuleName":"UnitTestSwiftCourse","sourceFilePaths":[{"path":"\/Users\/cpenab\/Library\/Mobile Documents\/com~apple~CloudDocs\/GitHub\/UnitTestSwiftCourse\/UnitTestSwiftCourse\/AppDelegate.swift","hash":"c33d2a9220a3d15e02ab4c7195a4a9003a378f12"},{"path":"\/Users\/cpenab\/Library\/Mobile Documents\/com~apple~CloudDocs\/GitHub\/UnitTestSwiftCourse\/UnitTestSwiftCourse\/Doc\/Coverage.swift","hash":"99c2e13b5400b1b9ebfd750d13f19e708ee28fd9"},{"path":"\/Users\/cpenab\/Library\/Mobile Documents\/com~apple~CloudDocs\/GitHub\/UnitTestSwiftCourse\/UnitTestSwiftCourse\/Doc\/Doc.swift","hash":"f15edf0e0484797dee2ab9c30b5b2648d50bf0ed"},{"path":"\/Users\/cpenab\/Library\/Mobile Documents\/com~apple~CloudDocs\/GitHub\/UnitTestSwiftCourse\/UnitTestSwiftCourse\/Doc\/Mock.swift","hash":"5f923d7f8b1c0116ca838d47078df070299bf768"},{"path":"\/Users\/cpenab\/Library\/Mobile Documents\/com~apple~CloudDocs\/GitHub\/UnitTestSwiftCourse\/UnitTestSwiftCourse\/Mock\/Add.swift","hash":"a112ca4ff0d8cba09322f3b93cf62a9e91b3f801"},{"path":"\/Users\/cpenab\/Library\/Mobile Documents\/com~apple~CloudDocs\/GitHub\/UnitTestSwiftCourse\/UnitTestSwiftCourse\/Mock\/Print.swift","hash":"7704664140ddbc272b35d69993945fa6c87b8a5e"},{"path":"\/Users\/cpenab\/Library\/Mobile Documents\/com~apple~CloudDocs\/GitHub\/UnitTestSwiftCourse\/UnitTestSwiftCourse\/Mock\/ValidNumber.swift","hash":"277df9fb6e2dd2df4093e7dea8124f4eb66e888f"},{"path":"\/Users\/cpenab\/Library\/Mobile Documents\/com~apple~CloudDocs\/GitHub\/UnitTestSwiftCourse\/UnitTestSwiftCourse\/SceneDelegate.swift","hash":"905dc01f4700b42fbbd94eefa82c840da3170fe9"},{"path":"\/Users\/cpenab\/Library\/Mobile Documents\/com~apple~CloudDocs\/GitHub\/UnitTestSwiftCourse\/UnitTestSwiftCourse\/ViewController.swift","hash":"daca11fd0cd9c2ed9bb6e2ee6751c61ec009a197"},{"path":"\/Users\/cpenab\/Library\/Mobile Documents\/com~apple~CloudDocs\/GitHub\/UnitTestSwiftCourse\/UnitTestSwiftCourse\/xctest\/Calculator.swift","hash":"d0eaf3705089de7ed1930971309e900a30ba04f6"},{"path":"\/Users\/cpenab\/Library\/Mobile Documents\/com~apple~CloudDocs\/GitHub\/UnitTestSwiftCourse\/UnitTestSwiftCourse\/xctest\/StringManager.swift","hash":"1e44202176aef1f716effca58f6f840c37234f67"}],"configHash":"c9bda38ae89fd885b4f8fb1d4bfef78aa5263bcd","dependencyPathsHash":"8c10e170002aa2ae6e111027d747dda0076e461e","targetPathsHash":"503213558e5566d1561ba42955b58d19aa7dcbbf","mockedTypesHash":"9b91b80cfec9137f6dcad20d074aa3adeade5380","outputHash":"c96fdf6376e1a923dbcfbed3a1d83b4d20292f4a","dependencies":[],"sourceRoot":"\/Users\/cpenab\/Library\/Mobile Documents\/com~apple~CloudDocs\/GitHub\/UnitTestSwiftCourse","supportingFilePaths":[{"path":"\/Users\/cpenab\/Library\/Mobile Documents\/com~apple~CloudDocs\/GitHub\/UnitTestSwiftCourse\/MockingbirdSupport\/AppKit\/NSResponder.swift","hash":"21296949c6d570892c8665a450e62c234c938790"},{"path":"\/Users\/cpenab\/Library\/Mobile Documents\/com~apple~CloudDocs\/GitHub\/UnitTestSwiftCourse\/MockingbirdSupport\/AppKit\/NSView.swift","hash":"85b3183be144012a7e105e292426c3d9f8966072"},{"path":"\/Users\/cpenab\/Library\/Mobile Documents\/com~apple~CloudDocs\/GitHub\/UnitTestSwiftCourse\/MockingbirdSupport\/AppKit\/NSViewController.swift","hash":"d8785e8a119f2723c8840534df0ad8ac61409797"},{"path":"\/Users\/cpenab\/Library\/Mobile Documents\/com~apple~CloudDocs\/GitHub\/UnitTestSwiftCourse\/MockingbirdSupport\/Foundation\/ObjectiveC\/NSObject.swift","hash":"cf466772b8c2d80d31f34b93b501b398fbb8854d"},{"path":"\/Users\/cpenab\/Library\/Mobile Documents\/com~apple~CloudDocs\/GitHub\/UnitTestSwiftCourse\/MockingbirdSupport\/Foundation\/ObjectiveC\/NSObject.swift","hash":"cf466772b8c2d80d31f34b93b501b398fbb8854d"},{"path":"\/Users\/cpenab\/Library\/Mobile Documents\/com~apple~CloudDocs\/GitHub\/UnitTestSwiftCourse\/MockingbirdSupport\/Swift\/Codable.swift","hash":"57675d8b36a2db7b093b3542bd3225a88992c3bc"},{"path":"\/Users\/cpenab\/Library\/Mobile Documents\/com~apple~CloudDocs\/GitHub\/UnitTestSwiftCourse\/MockingbirdSupport\/Swift\/Comparable.swift","hash":"d0d110744eeaf2f8fdd2f8a41df3452f35286bb7"},{"path":"\/Users\/cpenab\/Library\/Mobile Documents\/com~apple~CloudDocs\/GitHub\/UnitTestSwiftCourse\/MockingbirdSupport\/Swift\/Equatable.swift","hash":"2e7674f4e23a5ab7aef45b91b63c0ed5934c3b83"},{"path":"\/Users\/cpenab\/Library\/Mobile Documents\/com~apple~CloudDocs\/GitHub\/UnitTestSwiftCourse\/MockingbirdSupport\/Swift\/Hashable.swift","hash":"f59ec249aa03e312f2bda7c3b397c0dccd880a21"},{"path":"\/Users\/cpenab\/Library\/Mobile Documents\/com~apple~CloudDocs\/GitHub\/UnitTestSwiftCourse\/MockingbirdSupport\/Swift\/Misc.swift","hash":"c139249ec5799f1ec64c3d9e7d8c1f286b894035"},{"path":"\/Users\/cpenab\/Library\/Mobile Documents\/com~apple~CloudDocs\/GitHub\/UnitTestSwiftCourse\/MockingbirdSupport\/UIKit\/UIControl.swift","hash":"9363a4c38002598dbbc1198f16fe7198b8151d24"},{"path":"\/Users\/cpenab\/Library\/Mobile Documents\/com~apple~CloudDocs\/GitHub\/UnitTestSwiftCourse\/MockingbirdSupport\/UIKit\/UILabel.swift","hash":"e26a734695bfe008598ed0d8c936683db78f40ac"},{"path":"\/Users\/cpenab\/Library\/Mobile Documents\/com~apple~CloudDocs\/GitHub\/UnitTestSwiftCourse\/MockingbirdSupport\/UIKit\/UIView.swift","hash":"10e6b03a9c5a76f720c17fcb82af82ff66994926"},{"path":"\/Users\/cpenab\/Library\/Mobile Documents\/com~apple~CloudDocs\/GitHub\/UnitTestSwiftCourse\/MockingbirdSupport\/UIKit\/UIViewController.swift","hash":"bbd8980a22029f339b0e8746124fd06d94730570"}],"name":"UnitTestSwiftCourse","projectHash":"05325e3cc89f029c2c9b79527a521682371d416b"}